{
  "version": 4,
  "terraform_version": "1.14.3",
  "serial": 139,
  "lineage": "a4a37465-4a07-ae1c-7e29-ea608aa8ecad",
  "outputs": {},
  "resources": [
    {
      "mode": "managed",
      "type": "google_sql_database",
      "name": "mydb",
      "provider": "provider[\"registry.terraform.io/hashicorp/google\"]",
      "instances": [
        {
          "schema_version": 0,
          "attributes": {
            "charset": "UTF8",
            "collation": "en_US.UTF8",
            "deletion_policy": "DELETE",
            "id": "projects/causal-folder-478404-r1/instances/my-postgres-instance/databases/my_database",
            "instance": "my-postgres-instance",
            "name": "my_database",
            "project": "causal-folder-478404-r1",
            "self_link": "https://sqladmin.googleapis.com/sql/v1beta4/projects/causal-folder-478404-r1/instances/my-postgres-instance/databases/my_database",
            "timeouts": null
          },
          "sensitive_attributes": [],
          "identity_schema_version": 0,
          "private": "eyJlMmJmYjczMC1lY2FhLTExZTYtOGY4OC0zNDM2M2JjN2M0YzAiOnsiY3JlYXRlIjoxMjAwMDAwMDAwMDAwLCJkZWxldGUiOjEyMDAwMDAwMDAwMDAsInVwZGF0ZSI6MTIwMDAwMDAwMDAwMH19",
          "dependencies": [
            "google_sql_database_instance.postgres_instance"
          ]
        }
      ]
    },
    {
      "mode": "managed",
      "type": "google_sql_database_instance",
      "name": "postgres_instance",
      "provider": "provider[\"registry.terraform.io/hashicorp/google\"]",
      "instances": [
        {
          "schema_version": 0,
          "attributes": {
            "available_maintenance_versions": [],
            "backupdr_backup": null,
            "clone": [],
            "connection_name": "causal-folder-478404-r1:us-central1:my-postgres-instance",
            "database_version": "POSTGRES_14",
            "deletion_protection": false,
            "dns_name": "",
            "dns_names": [],
            "encryption_key_name": null,
            "final_backup_description": null,
            "first_ip_address": "34.136.45.94",
            "id": "my-postgres-instance",
            "instance_type": "CLOUD_SQL_INSTANCE",
            "ip_address": [
              {
                "ip_address": "34.136.45.94",
                "time_to_retire": "",
                "type": "PRIMARY"
              },
              {
                "ip_address": "34.134.144.170",
                "time_to_retire": "",
                "type": "OUTGOING"
              }
            ],
            "maintenance_version": "POSTGRES_14_20.R20251004.01_26",
            "master_instance_name": "",
            "name": "my-postgres-instance",
            "node_count": 0,
            "point_in_time_restore_context": [],
            "private_ip_address": "",
            "project": "causal-folder-478404-r1",
            "psc_service_attachment_link": "",
            "public_ip_address": "34.136.45.94",
            "region": "us-central1",
            "replica_configuration": [],
            "replica_names": [],
            "replication_cluster": [
              {
                "dr_replica": false,
                "failover_dr_replica_name": "",
                "psa_write_endpoint": ""
              }
            ],
            "restore_backup_context": [],
            "root_password": null,
            "root_password_wo": null,
            "root_password_wo_version": null,
            "self_link": "https://sqladmin.googleapis.com/sql/v1beta4/projects/causal-folder-478404-r1/instances/my-postgres-instance",
            "server_ca_cert": [
              {
                "cert": "-----BEGIN CERTIFICATE-----\nMIIDfzCCAmegAwIBAgIBADANBgkqhkiG9w0BAQsFADB3MS0wKwYDVQQuEyRiY2U1\nMTIxMS1kNjdjLTQ4MTItYjc3OC05NTc0MjhiNTI5MDcxIzAhBgNVBAMTGkdvb2ds\nZSBDbG91ZCBTUUwgU2VydmVyIENBMRQwEgYDVQQKEwtHb29nbGUsIEluYzELMAkG\nA1UEBhMCVVMwHhcNMjYwMTE3MTIxMzQ1WhcNMzYwMTE1MTIxNDQ1WjB3MS0wKwYD\nVQQuEyRiY2U1MTIxMS1kNjdjLTQ4MTItYjc3OC05NTc0MjhiNTI5MDcxIzAhBgNV\nBAMTGkdvb2dsZSBDbG91ZCBTUUwgU2VydmVyIENBMRQwEgYDVQQKEwtHb29nbGUs\nIEluYzELMAkGA1UEBhMCVVMwggEiMA0GCSqGSIb3DQEBAQUAA4IBDwAwggEKAoIB\nAQC5xTGV44F45sjxOdl3D7BeV4fK4fg1RMIrFLBGnmIW/EQwFxwLd5oOMuLR5FRy\nOWQCwQAOPWvvxUXPHatMmL8F9NxQOl5L/BuH/a4NwZOKE6/U/d2yLQ4UHNYu7LJ9\n5e79L9/vRQZPoCuwTl7Z+F4O889oRckUGJvMnhDPYeT3fUnqvXR16mHMdaOzX4z5\n6/is03y3hLuyiV1NtGE0UI7kIbUAlYJVVsfkj0KmKLeK3Eg4nHID0HOUV4yDT/YA\n7vpSRAQUNTVJ8WAcoPV7SlFdCaHND2wMts96qGjE12RbVxWQOF69ZMLRwITEGkL3\nwPT2/SI6VdhanJvn5A3KTJeFAgMBAAGjFjAUMBIGA1UdEwEB/wQIMAYBAf8CAQAw\nDQYJKoZIhvcNAQELBQADggEBAJQQDt5+HBrda2doa5NqbwMOobMfk8LvRIKH9qDb\nrijRpT61EzQWRAfFoaLV/Dwe+Zrn5RWt4kjoEPT/qLM4eFKiuN4fCBVmc3e+AIgj\nqqS5rcX/Z4aZWG0jIb3ztTOddBRlpiPW8AzuCLsmzjzctnBqJwxeaDJTsttCpGJN\npAx2YeyRU+P1aBDI+SkIY8mDzPEaRkOb/aL0BNUMJcn5eyG6u2cgCck7aJoyAtwQ\n7X8uMhi6k1zu+BEH0tPNOLkltBGA9KZj04lpENDXGpdxUtNEzWQ0xlZOvbf2xvdh\nwNUBlhq/O1JNM6QXDvUPep0MxSn9v9UwvXguJuq3znL1YIk=\n-----END CERTIFICATE-----",
                "common_name": "C=US,O=Google\\, Inc,CN=Google Cloud SQL Server CA,dnQualifier=bce51211-d67c-4812-b778-957428b52907",
                "create_time": "2026-01-17T12:13:45.690Z",
                "expiration_time": "2036-01-15T12:14:45.690Z",
                "sha1_fingerprint": "e332ac19d4fa039787bc954c90e9b7ba80bce14f"
              }
            ],
            "service_account_email_address": "p36255753752-ej0oys@gcp-sa-cloud-sql.iam.gserviceaccount.com",
            "settings": [
              {
                "activation_policy": "ALWAYS",
                "active_directory_config": [],
                "advanced_machine_features": [],
                "availability_type": "ZONAL",
                "backup_configuration": [
                  {
                    "backup_retention_settings": [
                      {
                        "retained_backups": 7,
                        "retention_unit": "COUNT"
                      }
                    ],
                    "backup_tier": "STANDARD",
                    "binary_log_enabled": false,
                    "enabled": true,
                    "location": "",
                    "point_in_time_recovery_enabled": false,
                    "start_time": "05:00",
                    "transaction_log_retention_days": 7
                  }
                ],
                "collation": "",
                "connection_pool_config": [],
                "connector_enforcement": "NOT_REQUIRED",
                "data_cache_config": [
                  {
                    "data_cache_enabled": false
                  }
                ],
                "database_flags": [],
                "deletion_protection_enabled": false,
                "deny_maintenance_period": [],
                "disk_autoresize": true,
                "disk_autoresize_limit": 0,
                "disk_size": 20,
                "disk_type": "PD_SSD",
                "edition": "ENTERPRISE",
                "effective_availability_type": "ZONAL",
                "enable_dataplex_integration": false,
                "enable_google_ml_integration": false,
                "final_backup_config": [],
                "insights_config": [],
                "ip_configuration": [
                  {
                    "allocated_ip_range": "",
                    "authorized_networks": [
                      {
                        "expiration_time": "",
                        "name": "vpc-access",
                        "value": "0.0.0.0/0"
                      }
                    ],
                    "custom_subject_alternative_names": [],
                    "enable_private_path_for_google_cloud_services": false,
                    "ipv4_enabled": true,
                    "private_network": "",
                    "psc_config": [],
                    "server_ca_mode": "GOOGLE_MANAGED_INTERNAL_CA",
                    "server_ca_pool": "",
                    "ssl_mode": "ALLOW_UNENCRYPTED_AND_ENCRYPTED"
                  }
                ],
                "location_preference": [
                  {
                    "follow_gae_application": "",
                    "secondary_zone": "",
                    "zone": "us-central1-c"
                  }
                ],
                "maintenance_window": [],
                "password_validation_policy": [],
                "pricing_plan": "PER_USE",
                "read_pool_auto_scale_config": [
                  {
                    "disable_scale_in": false,
                    "enabled": false,
                    "max_node_count": 0,
                    "min_node_count": 0,
                    "scale_in_cooldown_seconds": 0,
                    "scale_out_cooldown_seconds": 0,
                    "target_metrics": []
                  }
                ],
                "retain_backups_on_delete": false,
                "sql_server_audit_config": [],
                "tier": "db-f1-micro",
                "time_zone": "",
                "user_labels": {},
                "version": 1
              }
            ],
            "timeouts": null
          },
          "sensitive_attributes": [
            [
              {
                "type": "get_attr",
                "value": "root_password"
              }
            ],
            [
              {
                "type": "get_attr",
                "value": "server_ca_cert"
              }
            ]
          ],
          "identity_schema_version": 0,
          "private": "eyJlMmJmYjczMC1lY2FhLTExZTYtOGY4OC0zNDM2M2JjN2M0YzAiOnsiY3JlYXRlIjo1NDAwMDAwMDAwMDAwLCJkZWxldGUiOjU0MDAwMDAwMDAwMDAsInVwZGF0ZSI6NTQwMDAwMDAwMDAwMH19"
        }
      ]
    },
    {
      "mode": "managed",
      "type": "google_sql_user",
      "name": "db_user1",
      "provider": "provider[\"registry.terraform.io/hashicorp/google\"]",
      "instances": [
        {
          "schema_version": 1,
          "attributes": {
            "deletion_policy": null,
            "host": "",
            "id": "appuser1//my-postgres-instance",
            "instance": "my-postgres-instance",
            "name": "appuser1",
            "password": "SuperSecurePassword123!",
            "password_policy": [],
            "password_wo": null,
            "password_wo_version": null,
            "project": "causal-folder-478404-r1",
            "sql_server_user_details": [],
            "timeouts": null,
            "type": ""
          },
          "sensitive_attributes": [
            [
              {
                "type": "get_attr",
                "value": "password"
              }
            ]
          ],
          "identity_schema_version": 0,
          "private": "eyJlMmJmYjczMC1lY2FhLTExZTYtOGY4OC0zNDM2M2JjN2M0YzAiOnsiY3JlYXRlIjo2MDAwMDAwMDAwMDAsImRlbGV0ZSI6NjAwMDAwMDAwMDAwLCJ1cGRhdGUiOjYwMDAwMDAwMDAwMH0sInNjaGVtYV92ZXJzaW9uIjoiMSJ9",
          "dependencies": [
            "google_sql_database_instance.postgres_instance"
          ]
        }
      ]
    }
  ],
  "check_results": null
}
