{
  "version": 4,
  "terraform_version": "1.0.5",
  "serial": 157,
  "lineage": "a4a37465-4a07-ae1c-7e29-ea608aa8ecad",
  "outputs": {},
  "resources": [
    {
      "mode": "managed",
      "type": "google_compute_firewall",
      "name": "allow_ssh_http",
      "provider": "provider[\"registry.terraform.io/hashicorp/google\"]",
      "instances": [
        {
          "schema_version": 1,
          "attributes": {
            "allow": [
              {
                "ports": [
                  "22",
                  "80"
                ],
                "protocol": "tcp"
              }
            ],
            "creation_timestamp": "2026-02-23T06:19:36.289-08:00",
            "deny": [],
            "description": "",
            "destination_ranges": [],
            "direction": "INGRESS",
            "disabled": false,
            "enable_logging": null,
            "id": "projects/my-ever-first-project-488313/global/firewalls/allow-ssh-http",
            "log_config": [],
            "name": "allow-ssh-http",
            "network": "https://www.googleapis.com/compute/v1/projects/my-ever-first-project-488313/global/networks/two-tier-vpc",
            "params": [],
            "priority": 1000,
            "project": "my-ever-first-project-488313",
            "self_link": "https://www.googleapis.com/compute/v1/projects/my-ever-first-project-488313/global/firewalls/allow-ssh-http",
            "source_ranges": [
              "0.0.0.0/0"
            ],
            "source_service_accounts": null,
            "source_tags": null,
            "target_service_accounts": null,
            "target_tags": null,
            "timeouts": null
          },
          "sensitive_attributes": [],
          "private": "eyJlMmJmYjczMC1lY2FhLTExZTYtOGY4OC0zNDM2M2JjN2M0YzAiOnsiY3JlYXRlIjoxMjAwMDAwMDAwMDAwLCJkZWxldGUiOjEyMDAwMDAwMDAwMDAsInVwZGF0ZSI6MTIwMDAwMDAwMDAwMH0sInNjaGVtYV92ZXJzaW9uIjoiMSJ9",
          "dependencies": [
            "google_compute_network.vpc_network"
          ]
        }
      ]
    },
    {
      "mode": "managed",
      "type": "google_compute_network",
      "name": "vpc_network",
      "provider": "provider[\"registry.terraform.io/hashicorp/google\"]",
      "instances": [
        {
          "schema_version": 0,
          "attributes": {
            "auto_create_subnetworks": false,
            "bgp_always_compare_med": false,
            "bgp_best_path_selection_mode": "LEGACY",
            "bgp_inter_region_cost": "",
            "delete_bgp_always_compare_med": false,
            "delete_default_routes_on_create": false,
            "description": "",
            "enable_ula_internal_ipv6": false,
            "gateway_ipv4": "",
            "id": "projects/my-ever-first-project-488313/global/networks/two-tier-vpc",
            "internal_ipv6_range": "",
            "mtu": 0,
            "name": "two-tier-vpc",
            "network_firewall_policy_enforcement_order": "AFTER_CLASSIC_FIREWALL",
            "network_id": "6664675273682837262",
            "network_profile": "",
            "numeric_id": "6664675273682837262",
            "params": [],
            "project": "my-ever-first-project-488313",
            "routing_mode": "REGIONAL",
            "self_link": "https://www.googleapis.com/compute/v1/projects/my-ever-first-project-488313/global/networks/two-tier-vpc",
            "timeouts": null
          },
          "sensitive_attributes": [],
          "private": "eyJlMmJmYjczMC1lY2FhLTExZTYtOGY4OC0zNDM2M2JjN2M0YzAiOnsiY3JlYXRlIjoxMjAwMDAwMDAwMDAwLCJkZWxldGUiOjEyMDAwMDAwMDAwMDAsInVwZGF0ZSI6MTIwMDAwMDAwMDAwMH19"
        }
      ]
    },
    {
      "mode": "managed",
      "type": "google_compute_subnetwork",
      "name": "subnet",
      "provider": "provider[\"registry.terraform.io/hashicorp/google\"]",
      "instances": [
        {
          "schema_version": 0,
          "attributes": {
            "allow_subnet_cidr_routes_overlap": false,
            "creation_timestamp": "2026-02-23T06:19:37.558-08:00",
            "description": "",
            "external_ipv6_prefix": "",
            "fingerprint": null,
            "gateway_address": "10.0.0.1",
            "id": "projects/my-ever-first-project-488313/regions/us-central1/subnetworks/two-tier-subnet",
            "internal_ipv6_prefix": "",
            "ip_cidr_range": "10.0.0.0/24",
            "ip_collection": null,
            "ipv6_access_type": "",
            "ipv6_cidr_range": "",
            "ipv6_gce_endpoint": "",
            "log_config": [],
            "name": "two-tier-subnet",
            "network": "https://www.googleapis.com/compute/v1/projects/my-ever-first-project-488313/global/networks/two-tier-vpc",
            "params": [],
            "private_ip_google_access": false,
            "private_ipv6_google_access": "DISABLE_GOOGLE_ACCESS",
            "project": "my-ever-first-project-488313",
            "purpose": "PRIVATE",
            "region": "us-central1",
            "reserved_internal_range": "",
            "role": "",
            "secondary_ip_range": [],
            "self_link": "https://www.googleapis.com/compute/v1/projects/my-ever-first-project-488313/regions/us-central1/subnetworks/two-tier-subnet",
            "send_secondary_ip_range_if_empty": null,
            "stack_type": "IPV4_ONLY",
            "state": "",
            "subnetwork_id": 3966519038140604182,
            "timeouts": null
          },
          "sensitive_attributes": [],
          "private": "eyJlMmJmYjczMC1lY2FhLTExZTYtOGY4OC0zNDM2M2JjN2M0YzAiOnsiY3JlYXRlIjoxMjAwMDAwMDAwMDAwLCJkZWxldGUiOjEyMDAwMDAwMDAwMDAsInVwZGF0ZSI6MTIwMDAwMDAwMDAwMH19",
          "dependencies": [
            "google_compute_network.vpc_network"
          ]
        }
      ]
    },
    {
      "mode": "managed",
      "type": "google_sql_database",
      "name": "mydb",
      "provider": "provider[\"registry.terraform.io/hashicorp/google\"]",
      "instances": [
        {
          "schema_version": 0,
          "attributes": {
            "charset": "UTF8",
            "collation": "en_US.UTF8",
            "deletion_policy": "DELETE",
            "id": "projects/my-ever-first-project-488313/instances/my-postgres-instance/databases/my_database",
            "instance": "my-postgres-instance",
            "name": "my_database",
            "project": "my-ever-first-project-488313",
            "self_link": "https://sqladmin.googleapis.com/sql/v1beta4/projects/my-ever-first-project-488313/instances/my-postgres-instance/databases/my_database",
            "timeouts": null
          },
          "sensitive_attributes": [],
          "private": "eyJlMmJmYjczMC1lY2FhLTExZTYtOGY4OC0zNDM2M2JjN2M0YzAiOnsiY3JlYXRlIjoxMjAwMDAwMDAwMDAwLCJkZWxldGUiOjEyMDAwMDAwMDAwMDAsInVwZGF0ZSI6MTIwMDAwMDAwMDAwMH19",
          "dependencies": [
            "google_sql_database_instance.postgres_instance"
          ]
        }
      ]
    },
    {
      "mode": "managed",
      "type": "google_sql_database_instance",
      "name": "postgres_instance",
      "provider": "provider[\"registry.terraform.io/hashicorp/google\"]",
      "instances": [
        {
          "schema_version": 0,
          "attributes": {
            "available_maintenance_versions": [],
            "backupdr_backup": null,
            "clone": [],
            "connection_name": "my-ever-first-project-488313:us-central1:my-postgres-instance",
            "database_version": "POSTGRES_14",
            "deletion_protection": false,
            "dns_name": "",
            "dns_names": [],
            "encryption_key_name": null,
            "final_backup_description": null,
            "first_ip_address": "34.9.102.126",
            "id": "my-postgres-instance",
            "instance_type": "CLOUD_SQL_INSTANCE",
            "ip_address": [
              {
                "ip_address": "34.9.102.126",
                "time_to_retire": "",
                "type": "PRIMARY"
              },
              {
                "ip_address": "35.192.64.87",
                "time_to_retire": "",
                "type": "OUTGOING"
              }
            ],
            "maintenance_version": "POSTGRES_14_21.R20260108.01_13",
            "master_instance_name": "",
            "name": "my-postgres-instance",
            "node_count": 0,
            "point_in_time_restore_context": [],
            "private_ip_address": "",
            "project": "my-ever-first-project-488313",
            "psc_service_attachment_link": "",
            "public_ip_address": "34.9.102.126",
            "region": "us-central1",
            "replica_configuration": [],
            "replica_names": [],
            "replication_cluster": [
              {
                "dr_replica": false,
                "failover_dr_replica_name": "",
                "psa_write_endpoint": ""
              }
            ],
            "restore_backup_context": [],
            "root_password": null,
            "root_password_wo": null,
            "root_password_wo_version": null,
            "self_link": "https://sqladmin.googleapis.com/sql/v1beta4/projects/my-ever-first-project-488313/instances/my-postgres-instance",
            "server_ca_cert": [
              {
                "cert": "-----BEGIN CERTIFICATE-----\nMIIDfzCCAmegAwIBAgIBADANBgkqhkiG9w0BAQsFADB3MS0wKwYDVQQuEyQ1NTRj\nYjU0ZC1lN2I0LTRhZTYtYjZmYS0xODgxYWE0MGQ4ZDAxIzAhBgNVBAMTGkdvb2ds\nZSBDbG91ZCBTUUwgU2VydmVyIENBMRQwEgYDVQQKEwtHb29nbGUsIEluYzELMAkG\nA1UEBhMCVVMwHhcNMjYwMjIzMTQwMTA4WhcNMzYwMjIxMTQwMjA4WjB3MS0wKwYD\nVQQuEyQ1NTRjYjU0ZC1lN2I0LTRhZTYtYjZmYS0xODgxYWE0MGQ4ZDAxIzAhBgNV\nBAMTGkdvb2dsZSBDbG91ZCBTUUwgU2VydmVyIENBMRQwEgYDVQQKEwtHb29nbGUs\nIEluYzELMAkGA1UEBhMCVVMwggEiMA0GCSqGSIb3DQEBAQUAA4IBDwAwggEKAoIB\nAQDMfYZ5Z1QE4LEyA72PJOlLsgdFKmlau3/3cSSmZo4QjUzHmZ+asqvtcZP82yAB\nDrpsEFPrj2s91zSmfQH4Z4O7vOtF5ZulX1gjhS8YAHVzjaHMOiRBMT+zIrriccFe\n72o+ZweT4hePMX2q6HagIB9oUSZU0fOZh28/zSFhnYhk3nWa0k7w74yrhT6zEhfj\nGrb6Be+T6yvI8i8BnRz20zB9qLpijcI6hIdOU/viDpNdeSu9HSbJ5O954hbSmVWu\nAvb3Wwu8cNQY4d4pKozqmkheKCyu4C2KtdnJDvX3gJtsfiDGcReLtUZuR9YkYxCW\n4/Bo6LhwBpvLWXsZSpzDWyG9AgMBAAGjFjAUMBIGA1UdEwEB/wQIMAYBAf8CAQAw\nDQYJKoZIhvcNAQELBQADggEBALY5yeWX4Fp6yt4gQ0cuQfAzC0cUw9KiVVeNAU7d\n6i97GNJijdcsvHOLd1yZi7lwnW1id57QwJQvkUV3t/qDyCgqHTAA+d0Up8GoaGnc\nakoRQIsKePjxkQygovgEMmi0XG/P3jAlleF+uBSP2MG8inaQ773imr9Q1OckGZeJ\n6encP6fC/Qfq2iG9ZRemyKSuzn8cL6cMhpnyOVrApIt7dTnL833wyHnzruNl6Jxe\n9ufNsGhJsSyfuRMWUlnff52aNYcEjl4h4gfhN0wQQ9/iYQZ1NWNjK0CamxDBrFA0\nh4QUusOSaHkW5+l5qlhTfc0z0zNrL1GH+tDyo15SeXHxNsc=\n-----END CERTIFICATE-----",
                "common_name": "C=US,O=Google\\, Inc,CN=Google Cloud SQL Server CA,dnQualifier=554cb54d-e7b4-4ae6-b6fa-1881aa40d8d0",
                "create_time": "2026-02-23T14:01:08.493Z",
                "expiration_time": "2036-02-21T14:02:08.493Z",
                "sha1_fingerprint": "ee198104cccda05da76b510e0b05919f3db4499e"
              }
            ],
            "service_account_email_address": "p219380128268-8fpk1b@gcp-sa-cloud-sql.iam.gserviceaccount.com",
            "settings": [
              {
                "activation_policy": "ALWAYS",
                "active_directory_config": [],
                "advanced_machine_features": [],
                "availability_type": "ZONAL",
                "backup_configuration": [
                  {
                    "backup_retention_settings": [
                      {
                        "retained_backups": 7,
                        "retention_unit": "COUNT"
                      }
                    ],
                    "backup_tier": "STANDARD",
                    "binary_log_enabled": false,
                    "enabled": true,
                    "location": "",
                    "point_in_time_recovery_enabled": false,
                    "start_time": "00:00",
                    "transaction_log_retention_days": 7
                  }
                ],
                "collation": "",
                "connection_pool_config": [],
                "connector_enforcement": "NOT_REQUIRED",
                "data_cache_config": [
                  {
                    "data_cache_enabled": false
                  }
                ],
                "database_flags": [],
                "deletion_protection_enabled": false,
                "deny_maintenance_period": [],
                "disk_autoresize": true,
                "disk_autoresize_limit": 0,
                "disk_size": 20,
                "disk_type": "PD_SSD",
                "edition": "ENTERPRISE",
                "effective_availability_type": "ZONAL",
                "enable_dataplex_integration": false,
                "enable_google_ml_integration": false,
                "final_backup_config": [],
                "insights_config": [],
                "ip_configuration": [
                  {
                    "allocated_ip_range": "",
                    "authorized_networks": [
                      {
                        "expiration_time": "",
                        "name": "vpc-access",
                        "value": "0.0.0.0/0"
                      }
                    ],
                    "custom_subject_alternative_names": [],
                    "enable_private_path_for_google_cloud_services": false,
                    "ipv4_enabled": true,
                    "private_network": "",
                    "psc_config": [],
                    "server_ca_mode": "GOOGLE_MANAGED_INTERNAL_CA",
                    "server_ca_pool": "",
                    "ssl_mode": "ALLOW_UNENCRYPTED_AND_ENCRYPTED"
                  }
                ],
                "location_preference": [
                  {
                    "follow_gae_application": "",
                    "secondary_zone": "",
                    "zone": "us-central1-c"
                  }
                ],
                "maintenance_window": [],
                "password_validation_policy": [],
                "pricing_plan": "PER_USE",
                "read_pool_auto_scale_config": [
                  {
                    "disable_scale_in": false,
                    "enabled": false,
                    "max_node_count": 0,
                    "min_node_count": 0,
                    "scale_in_cooldown_seconds": 0,
                    "scale_out_cooldown_seconds": 0,
                    "target_metrics": []
                  }
                ],
                "retain_backups_on_delete": false,
                "sql_server_audit_config": [],
                "tier": "db-f1-micro",
                "time_zone": "",
                "user_labels": {},
                "version": 1
              }
            ],
            "timeouts": null
          },
          "sensitive_attributes": [],
          "private": "eyJlMmJmYjczMC1lY2FhLTExZTYtOGY4OC0zNDM2M2JjN2M0YzAiOnsiY3JlYXRlIjo1NDAwMDAwMDAwMDAwLCJkZWxldGUiOjU0MDAwMDAwMDAwMDAsInVwZGF0ZSI6NTQwMDAwMDAwMDAwMH19"
        }
      ]
    },
    {
      "mode": "managed",
      "type": "google_sql_user",
      "name": "db_user1",
      "provider": "provider[\"registry.terraform.io/hashicorp/google\"]",
      "instances": [
        {
          "schema_version": 1,
          "attributes": {
            "database_roles": null,
            "deletion_policy": null,
            "host": "",
            "iam_email": "",
            "id": "appuser1//my-postgres-instance",
            "instance": "my-postgres-instance",
            "name": "appuser1",
            "password": "SuperSecurePassword123!",
            "password_policy": [],
            "password_wo": null,
            "password_wo_version": null,
            "project": "my-ever-first-project-488313",
            "sql_server_user_details": [],
            "timeouts": null,
            "type": ""
          },
          "sensitive_attributes": [],
          "private": "eyJlMmJmYjczMC1lY2FhLTExZTYtOGY4OC0zNDM2M2JjN2M0YzAiOnsiY3JlYXRlIjo2MDAwMDAwMDAwMDAsImRlbGV0ZSI6NjAwMDAwMDAwMDAwLCJ1cGRhdGUiOjYwMDAwMDAwMDAwMH0sInNjaGVtYV92ZXJzaW9uIjoiMSJ9",
          "dependencies": [
            "google_sql_database_instance.postgres_instance"
          ]
        }
      ]
    }
  ]
}
